
Microsoft Visual Studio Solution File, Format Version 12.00
# Visual Studio Version 17
VisualStudioVersion = 17.5.33424.131
MinimumVisualStudioVersion = 10.0.40219.1
Project("{FAE04EC0-301F-11D3-BF4B-00C04F79EFBC}") = "ConsoleApp2", "ConsoleApp2\ConsoleApp2.csproj", "{1A9628C7-A09E-41EF-A86E-E1876E002784}"
EndProject
Global
	GlobalSection(SolutionConfigurationPlatforms) = preSolution
		Debug|Any CPU = Debug|Any CPU
		Release|Any CPU = Release|Any CPU
	EndGlobalSection
	GlobalSection(ProjectConfigurationPlatforms) = postSolution
		{1A9628C7-A09E-41EF-A86E-E1876E002784}.Debug|Any CPU.ActiveCfg = Debug|Any CPU
		{1A9628C7-A09E-41EF-A86E-E1876E002784}.Debug|Any CPU.Build.0 = Debug|Any CPU
		{1A9628C7-A09E-41EF-A86E-E1876E002784}.Release|Any CPU.ActiveCfg = Release|Any CPU
		{1A9628C7-A09E-41EF-A86E-E1876E002784}.Release|Any CPU.Build.0 = Release|Any CPU
	EndGlobalSection
	GlobalSection(SolutionProperties) = preSolution
		HideSolutionNode = FALSE
	EndGlobalSection
	GlobalSection(ExtensibilityGlobals) = postSolution
		SolutionGuid = {F8D187CF-1F30-4FD0-9F7D-0BF75F3039A0}
	EndGlobalSection
EndGlobal
