
Microsoft Visual Studio Solution File, Format Version 12.00
# Visual Studio Version 17
VisualStudioVersion = 17.5.33424.131
MinimumVisualStudioVersion = 10.0.40219.1
Project("{FAE04EC0-301F-11D3-BF4B-00C04F79EFBC}") = "myprogram", "myprogram\myprogram.csproj", "{CF1FA4F6-B380-4B70-8790-C521B2CAAFA0}"
EndProject
Global
	GlobalSection(SolutionConfigurationPlatforms) = preSolution
		Debug|Any CPU = Debug|Any CPU
		Release|Any CPU = Release|Any CPU
	EndGlobalSection
	GlobalSection(ProjectConfigurationPlatforms) = postSolution
		{CF1FA4F6-B380-4B70-8790-C521B2CAAFA0}.Debug|Any CPU.ActiveCfg = Debug|Any CPU
		{CF1FA4F6-B380-4B70-8790-C521B2CAAFA0}.Debug|Any CPU.Build.0 = Debug|Any CPU
		{CF1FA4F6-B380-4B70-8790-C521B2CAAFA0}.Release|Any CPU.ActiveCfg = Release|Any CPU
		{CF1FA4F6-B380-4B70-8790-C521B2CAAFA0}.Release|Any CPU.Build.0 = Release|Any CPU
	EndGlobalSection
	GlobalSection(SolutionProperties) = preSolution
		HideSolutionNode = FALSE
	EndGlobalSection
	GlobalSection(ExtensibilityGlobals) = postSolution
		SolutionGuid = {C22BC288-7AE7-4639-9B78-A371537EDB51}
	EndGlobalSection
EndGlobal
